{
  "name": "ai-dict-cli",
  "version": "1.0.0",
  "lockfileVersion": 3,
  "requires": true,
  "packages": {
    "": {
      "name": "ai-dict-cli",
      "version": "1.0.0",
      "license": "ISC",
      "dependencies": {
        "ollama": "^0.5.14"
      },
      "devDependencies": {
        "@types/node": "^22.13.12"
      }
    },
    "node_modules/@types/node": {
      "version": "22.13.12",
      "resolved": "https://registry.npmjs.org/@types/node/-/node-22.13.12.tgz",
      "integrity": "sha512-ixiWrCSRi33uqBMRuICcKECW7rtgY43TbsHDpM2XK7lXispd48opW+0IXrBVxv9NMhaz/Ue9kyj6r3NTVyXm8A==",
      "dev": true,
      "license": "MIT",
      "dependencies": {
        "undici-types": "~6.20.0"
      }
    },
    "node_modules/ollama": {
      "version": "0.5.14",
      "resolved": "https://registry.npmjs.org/ollama/-/ollama-0.5.14.tgz",
      "integrity": "sha512-pvOuEYa2WkkAumxzJP0RdEYHkbZ64AYyyUszXVX7ruLvk5L+EiO2G71da2GqEQ4IAk4j6eLoUbGk5arzFT1wJA==",
      "license": "MIT",
      "dependencies": {
        "whatwg-fetch": "^3.6.20"
      }
    },
    "node_modules/undici-types": {
      "version": "6.20.0",
      "resolved": "https://registry.npmjs.org/undici-types/-/undici-types-6.20.0.tgz",
      "integrity": "sha512-Ny6QZ2Nju20vw1SRHe3d9jVu6gJ+4e3+MMpqu7pqE5HT6WsTSlce++GQmK5UXS8mzV8DSYHrQH+Xrf2jVcuKNg==",
      "dev": true,
      "license": "MIT"
    },
    "node_modules/whatwg-fetch": {
      "version": "3.6.20",
      "resolved": "https://registry.npmjs.org/whatwg-fetch/-/whatwg-fetch-3.6.20.tgz",
      "integrity": "sha512-EqhiFU6daOA8kpjOWTL0olhVOF3i7OrFzSYiGsEMB8GcXS+RrzauAERX65xMeNWVqxA6HXH2m69Z9LaKKdisfg==",
      "license": "MIT"
    }
  }
}
